
Microsoft Visual Studio Solution File, Format Version 12.00
# Visual Studio Version 16
Project("{2150E333-8FDC-42A3-9474-1A3956D46DE8}") = "CMakePredefinedTargets", "CMakePredefinedTargets", "{CD2EB691-EE64-3E74-81E0-BA636C4A4EA8}"
EndProject
Project("{2150E333-8FDC-42A3-9474-1A3956D46DE8}") = "Engine", "Engine", "{72F47DAC-97AC-3522-90D3-C3CF8D4B8AE5}"
EndProject
Project("{2150E333-8FDC-42A3-9474-1A3956D46DE8}") = "ThirdParty", "ThirdParty", "{64368022-273C-37B2-BC4B-D3EC25F7BB3E}"
EndProject
Project("{2150E333-8FDC-42A3-9474-1A3956D46DE8}") = "glfw", "ThirdParty\glfw", "{1520C73E-B161-3510-B540-F28452177E47}"
EndProject
Project("{2150E333-8FDC-42A3-9474-1A3956D46DE8}") = "glm", "ThirdParty\glm", "{E8406963-671F-3EE4-B8E6-1A6776C00074}"
EndProject
Project("{2150E333-8FDC-42A3-9474-1A3956D46DE8}") = "imgui", "ThirdParty\imgui", "{EB3C0FF6-FCDE-3C28-9470-276A5E27CA88}"
EndProject
Project("{2150E333-8FDC-42A3-9474-1A3956D46DE8}") = "json11", "ThirdParty\json11", "{7615B8D1-D301-3FA8-A5D6-7F5A4B66A7F0}"
EndProject
Project("{2150E333-8FDC-42A3-9474-1A3956D46DE8}") = "spdlog", "ThirdParty\spdlog", "{7492FFF5-963F-3CAE-BE27-2575606C7CCD}"
EndProject
Project("{2150E333-8FDC-42A3-9474-1A3956D46DE8}") = "stb", "ThirdParty\stb", "{DD9A7B62-B82F-3C3A-B7C5-7F0B54E1EE02}"
EndProject
Project("{2150E333-8FDC-42A3-9474-1A3956D46DE8}") = "tinyobjloader", "ThirdParty\tinyobjloader", "{D41097A7-F042-3030-A4B1-358CD5E51086}"
EndProject
Project("{8BC9CEB8-8B4A-11D0-8D11-00A0C91BC942}") = "PilotEditor", "engine\source\editor\PilotEditor.vcxproj", "{1EF94640-B6E9-33CE-B4F1-F17015FDD853}"
	ProjectSection(ProjectDependencies) = postProject
		{BCE8FC2A-A000-38ED-98C7-D1659FED6876} = {BCE8FC2A-A000-38ED-98C7-D1659FED6876}
		{54E4DA11-2918-3C51-B093-3CB4F8882420} = {54E4DA11-2918-3C51-B093-3CB4F8882420}
		{0B7C0731-8B23-3F7E-BAB2-A64965CF914E} = {0B7C0731-8B23-3F7E-BAB2-A64965CF914E}
		{76AD34AE-C3F9-321E-944B-2CE32B8A5E6E} = {76AD34AE-C3F9-321E-944B-2CE32B8A5E6E}
		{2D8CB37C-3E9F-39C6-A68D-04C9A794A4C7} = {2D8CB37C-3E9F-39C6-A68D-04C9A794A4C7}
		{D6791A6F-E8EE-3CA3-A053-3AC8EA850F8E} = {D6791A6F-E8EE-3CA3-A053-3AC8EA850F8E}
		{2754D0BB-EAD2-3F08-BEF0-F3173CD37F3A} = {2754D0BB-EAD2-3F08-BEF0-F3173CD37F3A}
		{3AD637B1-3FB9-3A77-98D3-7CB200440E07} = {3AD637B1-3FB9-3A77-98D3-7CB200440E07}
	EndProjectSection
EndProject
Project("{8BC9CEB8-8B4A-11D0-8D11-00A0C91BC942}") = "ALL_BUILD", "ALL_BUILD.vcxproj", "{1A70D265-F78D-3E9D-9690-BC7007319B63}"
	ProjectSection(ProjectDependencies) = postProject
		{1EF94640-B6E9-33CE-B4F1-F17015FDD853} = {1EF94640-B6E9-33CE-B4F1-F17015FDD853}
		{62A98F04-AE7D-391E-AEE5-BCFBAE39BC01} = {62A98F04-AE7D-391E-AEE5-BCFBAE39BC01}
		{BCE8FC2A-A000-38ED-98C7-D1659FED6876} = {BCE8FC2A-A000-38ED-98C7-D1659FED6876}
		{54E4DA11-2918-3C51-B093-3CB4F8882420} = {54E4DA11-2918-3C51-B093-3CB4F8882420}
		{0B7C0731-8B23-3F7E-BAB2-A64965CF914E} = {0B7C0731-8B23-3F7E-BAB2-A64965CF914E}
		{D544FD96-69FD-3C2D-A4CA-4CE36590B5A2} = {D544FD96-69FD-3C2D-A4CA-4CE36590B5A2}
		{76AD34AE-C3F9-321E-944B-2CE32B8A5E6E} = {76AD34AE-C3F9-321E-944B-2CE32B8A5E6E}
		{2D8CB37C-3E9F-39C6-A68D-04C9A794A4C7} = {2D8CB37C-3E9F-39C6-A68D-04C9A794A4C7}
		{D6791A6F-E8EE-3CA3-A053-3AC8EA850F8E} = {D6791A6F-E8EE-3CA3-A053-3AC8EA850F8E}
		{2754D0BB-EAD2-3F08-BEF0-F3173CD37F3A} = {2754D0BB-EAD2-3F08-BEF0-F3173CD37F3A}
		{3AD637B1-3FB9-3A77-98D3-7CB200440E07} = {3AD637B1-3FB9-3A77-98D3-7CB200440E07}
	EndProjectSection
EndProject
Project("{8BC9CEB8-8B4A-11D0-8D11-00A0C91BC942}") = "INSTALL", "INSTALL.vcxproj", "{127D29A5-6AF6-3FF7-B42D-39D3A06E4B90}"
	ProjectSection(ProjectDependencies) = postProject
		{1A70D265-F78D-3E9D-9690-BC7007319B63} = {1A70D265-F78D-3E9D-9690-BC7007319B63}
		{54E4DA11-2918-3C51-B093-3CB4F8882420} = {54E4DA11-2918-3C51-B093-3CB4F8882420}
	EndProjectSection
EndProject
Project("{8BC9CEB8-8B4A-11D0-8D11-00A0C91BC942}") = "PilotPreCompile", "engine\PilotPreCompile.vcxproj", "{62A98F04-AE7D-391E-AEE5-BCFBAE39BC01}"
	ProjectSection(ProjectDependencies) = postProject
		{54E4DA11-2918-3C51-B093-3CB4F8882420} = {54E4DA11-2918-3C51-B093-3CB4F8882420}
	EndProjectSection
EndProject
Project("{8BC9CEB8-8B4A-11D0-8D11-00A0C91BC942}") = "PilotRuntime", "engine\source\runtime\PilotRuntime.vcxproj", "{BCE8FC2A-A000-38ED-98C7-D1659FED6876}"
	ProjectSection(ProjectDependencies) = postProject
		{62A98F04-AE7D-391E-AEE5-BCFBAE39BC01} = {62A98F04-AE7D-391E-AEE5-BCFBAE39BC01}
		{1B4BDB3B-C4FE-320A-96C2-F71AD8228643} = {1B4BDB3B-C4FE-320A-96C2-F71AD8228643}
		{54E4DA11-2918-3C51-B093-3CB4F8882420} = {54E4DA11-2918-3C51-B093-3CB4F8882420}
		{0B7C0731-8B23-3F7E-BAB2-A64965CF914E} = {0B7C0731-8B23-3F7E-BAB2-A64965CF914E}
		{76AD34AE-C3F9-321E-944B-2CE32B8A5E6E} = {76AD34AE-C3F9-321E-944B-2CE32B8A5E6E}
		{2D8CB37C-3E9F-39C6-A68D-04C9A794A4C7} = {2D8CB37C-3E9F-39C6-A68D-04C9A794A4C7}
		{D6791A6F-E8EE-3CA3-A053-3AC8EA850F8E} = {D6791A6F-E8EE-3CA3-A053-3AC8EA850F8E}
		{2754D0BB-EAD2-3F08-BEF0-F3173CD37F3A} = {2754D0BB-EAD2-3F08-BEF0-F3173CD37F3A}
		{3AD637B1-3FB9-3A77-98D3-7CB200440E07} = {3AD637B1-3FB9-3A77-98D3-7CB200440E07}
	EndProjectSection
EndProject
Project("{8BC9CEB8-8B4A-11D0-8D11-00A0C91BC942}") = "PilotShaderCompile", "engine\shader\PilotShaderCompile.vcxproj", "{1B4BDB3B-C4FE-320A-96C2-F71AD8228643}"
	ProjectSection(ProjectDependencies) = postProject
		{54E4DA11-2918-3C51-B093-3CB4F8882420} = {54E4DA11-2918-3C51-B093-3CB4F8882420}
	EndProjectSection
EndProject
Project("{8BC9CEB8-8B4A-11D0-8D11-00A0C91BC942}") = "ZERO_CHECK", "ZERO_CHECK.vcxproj", "{54E4DA11-2918-3C51-B093-3CB4F8882420}"
	ProjectSection(ProjectDependencies) = postProject
	EndProjectSection
EndProject
Project("{8BC9CEB8-8B4A-11D0-8D11-00A0C91BC942}") = "glfw", "engine\3rdparty\glfw\src\glfw.vcxproj", "{0B7C0731-8B23-3F7E-BAB2-A64965CF914E}"
	ProjectSection(ProjectDependencies) = postProject
		{54E4DA11-2918-3C51-B093-3CB4F8882420} = {54E4DA11-2918-3C51-B093-3CB4F8882420}
	EndProjectSection
EndProject
Project("{8BC9CEB8-8B4A-11D0-8D11-00A0C91BC942}") = "glm_static", "engine\3rdparty\glm\glm\glm_static.vcxproj", "{D544FD96-69FD-3C2D-A4CA-4CE36590B5A2}"
	ProjectSection(ProjectDependencies) = postProject
		{54E4DA11-2918-3C51-B093-3CB4F8882420} = {54E4DA11-2918-3C51-B093-3CB4F8882420}
	EndProjectSection
EndProject
Project("{8BC9CEB8-8B4A-11D0-8D11-00A0C91BC942}") = "imgui", "engine\3rdparty\imgui.vcxproj", "{76AD34AE-C3F9-321E-944B-2CE32B8A5E6E}"
	ProjectSection(ProjectDependencies) = postProject
		{54E4DA11-2918-3C51-B093-3CB4F8882420} = {54E4DA11-2918-3C51-B093-3CB4F8882420}
		{0B7C0731-8B23-3F7E-BAB2-A64965CF914E} = {0B7C0731-8B23-3F7E-BAB2-A64965CF914E}
	EndProjectSection
EndProject
Project("{8BC9CEB8-8B4A-11D0-8D11-00A0C91BC942}") = "json11", "engine\source\runtime\json11.vcxproj", "{2D8CB37C-3E9F-39C6-A68D-04C9A794A4C7}"
	ProjectSection(ProjectDependencies) = postProject
		{54E4DA11-2918-3C51-B093-3CB4F8882420} = {54E4DA11-2918-3C51-B093-3CB4F8882420}
	EndProjectSection
EndProject
Project("{8BC9CEB8-8B4A-11D0-8D11-00A0C91BC942}") = "spdlog", "engine\3rdparty\spdlog\spdlog.vcxproj", "{D6791A6F-E8EE-3CA3-A053-3AC8EA850F8E}"
	ProjectSection(ProjectDependencies) = postProject
		{54E4DA11-2918-3C51-B093-3CB4F8882420} = {54E4DA11-2918-3C51-B093-3CB4F8882420}
	EndProjectSection
EndProject
Project("{8BC9CEB8-8B4A-11D0-8D11-00A0C91BC942}") = "stb", "engine\3rdparty\stb.vcxproj", "{2754D0BB-EAD2-3F08-BEF0-F3173CD37F3A}"
	ProjectSection(ProjectDependencies) = postProject
		{54E4DA11-2918-3C51-B093-3CB4F8882420} = {54E4DA11-2918-3C51-B093-3CB4F8882420}
	EndProjectSection
EndProject
Project("{8BC9CEB8-8B4A-11D0-8D11-00A0C91BC942}") = "tinyobjloader", "engine\3rdparty\tinyobjloader\tinyobjloader.vcxproj", "{3AD637B1-3FB9-3A77-98D3-7CB200440E07}"
	ProjectSection(ProjectDependencies) = postProject
		{54E4DA11-2918-3C51-B093-3CB4F8882420} = {54E4DA11-2918-3C51-B093-3CB4F8882420}
	EndProjectSection
EndProject
Project("{8BC9CEB8-8B4A-11D0-8D11-00A0C91BC942}") = "uninstall", "engine\3rdparty\tinyobjloader\uninstall.vcxproj", "{7A99EEBA-79AE-327D-B1A8-6E7540CAFBD2}"
	ProjectSection(ProjectDependencies) = postProject
		{54E4DA11-2918-3C51-B093-3CB4F8882420} = {54E4DA11-2918-3C51-B093-3CB4F8882420}
	EndProjectSection
EndProject
Project("{8BC9CEB8-8B4A-11D0-8D11-00A0C91BC942}") = "update_mappings", "engine\3rdparty\glfw\src\update_mappings.vcxproj", "{CB28A143-336F-3814-80E7-1A82EDA50B07}"
	ProjectSection(ProjectDependencies) = postProject
		{54E4DA11-2918-3C51-B093-3CB4F8882420} = {54E4DA11-2918-3C51-B093-3CB4F8882420}
	EndProjectSection
EndProject
Global
	GlobalSection(SolutionConfigurationPlatforms) = preSolution
		Debug|x64 = Debug|x64
		Release|x64 = Release|x64
		MinSizeRel|x64 = MinSizeRel|x64
		RelWithDebInfo|x64 = RelWithDebInfo|x64
	EndGlobalSection
	GlobalSection(ProjectConfigurationPlatforms) = postSolution
		{1EF94640-B6E9-33CE-B4F1-F17015FDD853}.Debug|x64.ActiveCfg = Debug|x64
		{1EF94640-B6E9-33CE-B4F1-F17015FDD853}.Debug|x64.Build.0 = Debug|x64
		{1EF94640-B6E9-33CE-B4F1-F17015FDD853}.Release|x64.ActiveCfg = Release|x64
		{1EF94640-B6E9-33CE-B4F1-F17015FDD853}.Release|x64.Build.0 = Release|x64
		{1EF94640-B6E9-33CE-B4F1-F17015FDD853}.MinSizeRel|x64.ActiveCfg = MinSizeRel|x64
		{1EF94640-B6E9-33CE-B4F1-F17015FDD853}.MinSizeRel|x64.Build.0 = MinSizeRel|x64
		{1EF94640-B6E9-33CE-B4F1-F17015FDD853}.RelWithDebInfo|x64.ActiveCfg = RelWithDebInfo|x64
		{1EF94640-B6E9-33CE-B4F1-F17015FDD853}.RelWithDebInfo|x64.Build.0 = RelWithDebInfo|x64
		{1A70D265-F78D-3E9D-9690-BC7007319B63}.Debug|x64.ActiveCfg = Debug|x64
		{1A70D265-F78D-3E9D-9690-BC7007319B63}.Debug|x64.Build.0 = Debug|x64
		{1A70D265-F78D-3E9D-9690-BC7007319B63}.Release|x64.ActiveCfg = Release|x64
		{1A70D265-F78D-3E9D-9690-BC7007319B63}.Release|x64.Build.0 = Release|x64
		{1A70D265-F78D-3E9D-9690-BC7007319B63}.MinSizeRel|x64.ActiveCfg = MinSizeRel|x64
		{1A70D265-F78D-3E9D-9690-BC7007319B63}.MinSizeRel|x64.Build.0 = MinSizeRel|x64
		{1A70D265-F78D-3E9D-9690-BC7007319B63}.RelWithDebInfo|x64.ActiveCfg = RelWithDebInfo|x64
		{1A70D265-F78D-3E9D-9690-BC7007319B63}.RelWithDebInfo|x64.Build.0 = RelWithDebInfo|x64
		{127D29A5-6AF6-3FF7-B42D-39D3A06E4B90}.Debug|x64.ActiveCfg = Debug|x64
		{127D29A5-6AF6-3FF7-B42D-39D3A06E4B90}.Release|x64.ActiveCfg = Release|x64
		{127D29A5-6AF6-3FF7-B42D-39D3A06E4B90}.MinSizeRel|x64.ActiveCfg = MinSizeRel|x64
		{127D29A5-6AF6-3FF7-B42D-39D3A06E4B90}.RelWithDebInfo|x64.ActiveCfg = RelWithDebInfo|x64
		{62A98F04-AE7D-391E-AEE5-BCFBAE39BC01}.Debug|x64.ActiveCfg = Debug|x64
		{62A98F04-AE7D-391E-AEE5-BCFBAE39BC01}.Debug|x64.Build.0 = Debug|x64
		{62A98F04-AE7D-391E-AEE5-BCFBAE39BC01}.Release|x64.ActiveCfg = Release|x64
		{62A98F04-AE7D-391E-AEE5-BCFBAE39BC01}.Release|x64.Build.0 = Release|x64
		{62A98F04-AE7D-391E-AEE5-BCFBAE39BC01}.MinSizeRel|x64.ActiveCfg = MinSizeRel|x64
		{62A98F04-AE7D-391E-AEE5-BCFBAE39BC01}.MinSizeRel|x64.Build.0 = MinSizeRel|x64
		{62A98F04-AE7D-391E-AEE5-BCFBAE39BC01}.RelWithDebInfo|x64.ActiveCfg = RelWithDebInfo|x64
		{62A98F04-AE7D-391E-AEE5-BCFBAE39BC01}.RelWithDebInfo|x64.Build.0 = RelWithDebInfo|x64
		{BCE8FC2A-A000-38ED-98C7-D1659FED6876}.Debug|x64.ActiveCfg = Debug|x64
		{BCE8FC2A-A000-38ED-98C7-D1659FED6876}.Debug|x64.Build.0 = Debug|x64
		{BCE8FC2A-A000-38ED-98C7-D1659FED6876}.Release|x64.ActiveCfg = Release|x64
		{BCE8FC2A-A000-38ED-98C7-D1659FED6876}.Release|x64.Build.0 = Release|x64
		{BCE8FC2A-A000-38ED-98C7-D1659FED6876}.MinSizeRel|x64.ActiveCfg = MinSizeRel|x64
		{BCE8FC2A-A000-38ED-98C7-D1659FED6876}.MinSizeRel|x64.Build.0 = MinSizeRel|x64
		{BCE8FC2A-A000-38ED-98C7-D1659FED6876}.RelWithDebInfo|x64.ActiveCfg = RelWithDebInfo|x64
		{BCE8FC2A-A000-38ED-98C7-D1659FED6876}.RelWithDebInfo|x64.Build.0 = RelWithDebInfo|x64
		{1B4BDB3B-C4FE-320A-96C2-F71AD8228643}.Debug|x64.ActiveCfg = Debug|x64
		{1B4BDB3B-C4FE-320A-96C2-F71AD8228643}.Debug|x64.Build.0 = Debug|x64
		{1B4BDB3B-C4FE-320A-96C2-F71AD8228643}.Release|x64.ActiveCfg = Release|x64
		{1B4BDB3B-C4FE-320A-96C2-F71AD8228643}.Release|x64.Build.0 = Release|x64
		{1B4BDB3B-C4FE-320A-96C2-F71AD8228643}.MinSizeRel|x64.ActiveCfg = MinSizeRel|x64
		{1B4BDB3B-C4FE-320A-96C2-F71AD8228643}.MinSizeRel|x64.Build.0 = MinSizeRel|x64
		{1B4BDB3B-C4FE-320A-96C2-F71AD8228643}.RelWithDebInfo|x64.ActiveCfg = RelWithDebInfo|x64
		{1B4BDB3B-C4FE-320A-96C2-F71AD8228643}.RelWithDebInfo|x64.Build.0 = RelWithDebInfo|x64
		{54E4DA11-2918-3C51-B093-3CB4F8882420}.Debug|x64.ActiveCfg = Debug|x64
		{54E4DA11-2918-3C51-B093-3CB4F8882420}.Debug|x64.Build.0 = Debug|x64
		{54E4DA11-2918-3C51-B093-3CB4F8882420}.Release|x64.ActiveCfg = Release|x64
		{54E4DA11-2918-3C51-B093-3CB4F8882420}.Release|x64.Build.0 = Release|x64
		{54E4DA11-2918-3C51-B093-3CB4F8882420}.MinSizeRel|x64.ActiveCfg = MinSizeRel|x64
		{54E4DA11-2918-3C51-B093-3CB4F8882420}.MinSizeRel|x64.Build.0 = MinSizeRel|x64
		{54E4DA11-2918-3C51-B093-3CB4F8882420}.RelWithDebInfo|x64.ActiveCfg = RelWithDebInfo|x64
		{54E4DA11-2918-3C51-B093-3CB4F8882420}.RelWithDebInfo|x64.Build.0 = RelWithDebInfo|x64
		{0B7C0731-8B23-3F7E-BAB2-A64965CF914E}.Debug|x64.ActiveCfg = Debug|x64
		{0B7C0731-8B23-3F7E-BAB2-A64965CF914E}.Debug|x64.Build.0 = Debug|x64
		{0B7C0731-8B23-3F7E-BAB2-A64965CF914E}.Release|x64.ActiveCfg = Release|x64
		{0B7C0731-8B23-3F7E-BAB2-A64965CF914E}.Release|x64.Build.0 = Release|x64
		{0B7C0731-8B23-3F7E-BAB2-A64965CF914E}.MinSizeRel|x64.ActiveCfg = MinSizeRel|x64
		{0B7C0731-8B23-3F7E-BAB2-A64965CF914E}.MinSizeRel|x64.Build.0 = MinSizeRel|x64
		{0B7C0731-8B23-3F7E-BAB2-A64965CF914E}.RelWithDebInfo|x64.ActiveCfg = RelWithDebInfo|x64
		{0B7C0731-8B23-3F7E-BAB2-A64965CF914E}.RelWithDebInfo|x64.Build.0 = RelWithDebInfo|x64
		{D544FD96-69FD-3C2D-A4CA-4CE36590B5A2}.Debug|x64.ActiveCfg = Debug|x64
		{D544FD96-69FD-3C2D-A4CA-4CE36590B5A2}.Debug|x64.Build.0 = Debug|x64
		{D544FD96-69FD-3C2D-A4CA-4CE36590B5A2}.Release|x64.ActiveCfg = Release|x64
		{D544FD96-69FD-3C2D-A4CA-4CE36590B5A2}.Release|x64.Build.0 = Release|x64
		{D544FD96-69FD-3C2D-A4CA-4CE36590B5A2}.MinSizeRel|x64.ActiveCfg = MinSizeRel|x64
		{D544FD96-69FD-3C2D-A4CA-4CE36590B5A2}.MinSizeRel|x64.Build.0 = MinSizeRel|x64
		{D544FD96-69FD-3C2D-A4CA-4CE36590B5A2}.RelWithDebInfo|x64.ActiveCfg = RelWithDebInfo|x64
		{D544FD96-69FD-3C2D-A4CA-4CE36590B5A2}.RelWithDebInfo|x64.Build.0 = RelWithDebInfo|x64
		{76AD34AE-C3F9-321E-944B-2CE32B8A5E6E}.Debug|x64.ActiveCfg = Debug|x64
		{76AD34AE-C3F9-321E-944B-2CE32B8A5E6E}.Debug|x64.Build.0 = Debug|x64
		{76AD34AE-C3F9-321E-944B-2CE32B8A5E6E}.Release|x64.ActiveCfg = Release|x64
		{76AD34AE-C3F9-321E-944B-2CE32B8A5E6E}.Release|x64.Build.0 = Release|x64
		{76AD34AE-C3F9-321E-944B-2CE32B8A5E6E}.MinSizeRel|x64.ActiveCfg = MinSizeRel|x64
		{76AD34AE-C3F9-321E-944B-2CE32B8A5E6E}.MinSizeRel|x64.Build.0 = MinSizeRel|x64
		{76AD34AE-C3F9-321E-944B-2CE32B8A5E6E}.RelWithDebInfo|x64.ActiveCfg = RelWithDebInfo|x64
		{76AD34AE-C3F9-321E-944B-2CE32B8A5E6E}.RelWithDebInfo|x64.Build.0 = RelWithDebInfo|x64
		{2D8CB37C-3E9F-39C6-A68D-04C9A794A4C7}.Debug|x64.ActiveCfg = Debug|x64
		{2D8CB37C-3E9F-39C6-A68D-04C9A794A4C7}.Debug|x64.Build.0 = Debug|x64
		{2D8CB37C-3E9F-39C6-A68D-04C9A794A4C7}.Release|x64.ActiveCfg = Release|x64
		{2D8CB37C-3E9F-39C6-A68D-04C9A794A4C7}.Release|x64.Build.0 = Release|x64
		{2D8CB37C-3E9F-39C6-A68D-04C9A794A4C7}.MinSizeRel|x64.ActiveCfg = MinSizeRel|x64
		{2D8CB37C-3E9F-39C6-A68D-04C9A794A4C7}.MinSizeRel|x64.Build.0 = MinSizeRel|x64
		{2D8CB37C-3E9F-39C6-A68D-04C9A794A4C7}.RelWithDebInfo|x64.ActiveCfg = RelWithDebInfo|x64
		{2D8CB37C-3E9F-39C6-A68D-04C9A794A4C7}.RelWithDebInfo|x64.Build.0 = RelWithDebInfo|x64
		{D6791A6F-E8EE-3CA3-A053-3AC8EA850F8E}.Debug|x64.ActiveCfg = Debug|x64
		{D6791A6F-E8EE-3CA3-A053-3AC8EA850F8E}.Debug|x64.Build.0 = Debug|x64
		{D6791A6F-E8EE-3CA3-A053-3AC8EA850F8E}.Release|x64.ActiveCfg = Release|x64
		{D6791A6F-E8EE-3CA3-A053-3AC8EA850F8E}.Release|x64.Build.0 = Release|x64
		{D6791A6F-E8EE-3CA3-A053-3AC8EA850F8E}.MinSizeRel|x64.ActiveCfg = MinSizeRel|x64
		{D6791A6F-E8EE-3CA3-A053-3AC8EA850F8E}.MinSizeRel|x64.Build.0 = MinSizeRel|x64
		{D6791A6F-E8EE-3CA3-A053-3AC8EA850F8E}.RelWithDebInfo|x64.ActiveCfg = RelWithDebInfo|x64
		{D6791A6F-E8EE-3CA3-A053-3AC8EA850F8E}.RelWithDebInfo|x64.Build.0 = RelWithDebInfo|x64
		{2754D0BB-EAD2-3F08-BEF0-F3173CD37F3A}.Debug|x64.ActiveCfg = Debug|x64
		{2754D0BB-EAD2-3F08-BEF0-F3173CD37F3A}.Debug|x64.Build.0 = Debug|x64
		{2754D0BB-EAD2-3F08-BEF0-F3173CD37F3A}.Release|x64.ActiveCfg = Release|x64
		{2754D0BB-EAD2-3F08-BEF0-F3173CD37F3A}.Release|x64.Build.0 = Release|x64
		{2754D0BB-EAD2-3F08-BEF0-F3173CD37F3A}.MinSizeRel|x64.ActiveCfg = MinSizeRel|x64
		{2754D0BB-EAD2-3F08-BEF0-F3173CD37F3A}.MinSizeRel|x64.Build.0 = MinSizeRel|x64
		{2754D0BB-EAD2-3F08-BEF0-F3173CD37F3A}.RelWithDebInfo|x64.ActiveCfg = RelWithDebInfo|x64
		{2754D0BB-EAD2-3F08-BEF0-F3173CD37F3A}.RelWithDebInfo|x64.Build.0 = RelWithDebInfo|x64
		{3AD637B1-3FB9-3A77-98D3-7CB200440E07}.Debug|x64.ActiveCfg = Debug|x64
		{3AD637B1-3FB9-3A77-98D3-7CB200440E07}.Debug|x64.Build.0 = Debug|x64
		{3AD637B1-3FB9-3A77-98D3-7CB200440E07}.Release|x64.ActiveCfg = Release|x64
		{3AD637B1-3FB9-3A77-98D3-7CB200440E07}.Release|x64.Build.0 = Release|x64
		{3AD637B1-3FB9-3A77-98D3-7CB200440E07}.MinSizeRel|x64.ActiveCfg = MinSizeRel|x64
		{3AD637B1-3FB9-3A77-98D3-7CB200440E07}.MinSizeRel|x64.Build.0 = MinSizeRel|x64
		{3AD637B1-3FB9-3A77-98D3-7CB200440E07}.RelWithDebInfo|x64.ActiveCfg = RelWithDebInfo|x64
		{3AD637B1-3FB9-3A77-98D3-7CB200440E07}.RelWithDebInfo|x64.Build.0 = RelWithDebInfo|x64
		{7A99EEBA-79AE-327D-B1A8-6E7540CAFBD2}.Debug|x64.ActiveCfg = Debug|x64
		{7A99EEBA-79AE-327D-B1A8-6E7540CAFBD2}.Release|x64.ActiveCfg = Release|x64
		{7A99EEBA-79AE-327D-B1A8-6E7540CAFBD2}.MinSizeRel|x64.ActiveCfg = MinSizeRel|x64
		{7A99EEBA-79AE-327D-B1A8-6E7540CAFBD2}.RelWithDebInfo|x64.ActiveCfg = RelWithDebInfo|x64
		{CB28A143-336F-3814-80E7-1A82EDA50B07}.Debug|x64.ActiveCfg = Debug|x64
		{CB28A143-336F-3814-80E7-1A82EDA50B07}.Release|x64.ActiveCfg = Release|x64
		{CB28A143-336F-3814-80E7-1A82EDA50B07}.MinSizeRel|x64.ActiveCfg = MinSizeRel|x64
		{CB28A143-336F-3814-80E7-1A82EDA50B07}.RelWithDebInfo|x64.ActiveCfg = RelWithDebInfo|x64
	EndGlobalSection
	GlobalSection(NestedProjects) = preSolution
		{1A70D265-F78D-3E9D-9690-BC7007319B63} = {CD2EB691-EE64-3E74-81E0-BA636C4A4EA8}
		{127D29A5-6AF6-3FF7-B42D-39D3A06E4B90} = {CD2EB691-EE64-3E74-81E0-BA636C4A4EA8}
		{54E4DA11-2918-3C51-B093-3CB4F8882420} = {CD2EB691-EE64-3E74-81E0-BA636C4A4EA8}
		{1EF94640-B6E9-33CE-B4F1-F17015FDD853} = {72F47DAC-97AC-3522-90D3-C3CF8D4B8AE5}
		{62A98F04-AE7D-391E-AEE5-BCFBAE39BC01} = {72F47DAC-97AC-3522-90D3-C3CF8D4B8AE5}
		{BCE8FC2A-A000-38ED-98C7-D1659FED6876} = {72F47DAC-97AC-3522-90D3-C3CF8D4B8AE5}
		{1B4BDB3B-C4FE-320A-96C2-F71AD8228643} = {72F47DAC-97AC-3522-90D3-C3CF8D4B8AE5}
		{1520C73E-B161-3510-B540-F28452177E47} = {64368022-273C-37B2-BC4B-D3EC25F7BB3E}
		{E8406963-671F-3EE4-B8E6-1A6776C00074} = {64368022-273C-37B2-BC4B-D3EC25F7BB3E}
		{EB3C0FF6-FCDE-3C28-9470-276A5E27CA88} = {64368022-273C-37B2-BC4B-D3EC25F7BB3E}
		{7615B8D1-D301-3FA8-A5D6-7F5A4B66A7F0} = {64368022-273C-37B2-BC4B-D3EC25F7BB3E}
		{7492FFF5-963F-3CAE-BE27-2575606C7CCD} = {64368022-273C-37B2-BC4B-D3EC25F7BB3E}
		{DD9A7B62-B82F-3C3A-B7C5-7F0B54E1EE02} = {64368022-273C-37B2-BC4B-D3EC25F7BB3E}
		{D41097A7-F042-3030-A4B1-358CD5E51086} = {64368022-273C-37B2-BC4B-D3EC25F7BB3E}
		{0B7C0731-8B23-3F7E-BAB2-A64965CF914E} = {1520C73E-B161-3510-B540-F28452177E47}
		{CB28A143-336F-3814-80E7-1A82EDA50B07} = {1520C73E-B161-3510-B540-F28452177E47}
		{D544FD96-69FD-3C2D-A4CA-4CE36590B5A2} = {E8406963-671F-3EE4-B8E6-1A6776C00074}
		{76AD34AE-C3F9-321E-944B-2CE32B8A5E6E} = {EB3C0FF6-FCDE-3C28-9470-276A5E27CA88}
		{2D8CB37C-3E9F-39C6-A68D-04C9A794A4C7} = {7615B8D1-D301-3FA8-A5D6-7F5A4B66A7F0}
		{D6791A6F-E8EE-3CA3-A053-3AC8EA850F8E} = {7492FFF5-963F-3CAE-BE27-2575606C7CCD}
		{2754D0BB-EAD2-3F08-BEF0-F3173CD37F3A} = {DD9A7B62-B82F-3C3A-B7C5-7F0B54E1EE02}
		{3AD637B1-3FB9-3A77-98D3-7CB200440E07} = {D41097A7-F042-3030-A4B1-358CD5E51086}
		{7A99EEBA-79AE-327D-B1A8-6E7540CAFBD2} = {D41097A7-F042-3030-A4B1-358CD5E51086}
	EndGlobalSection
	GlobalSection(ExtensibilityGlobals) = postSolution
		SolutionGuid = {7AA15964-6D10-35E5-83F7-14D169287943}
	EndGlobalSection
	GlobalSection(ExtensibilityAddIns) = postSolution
	EndGlobalSection
EndGlobal
