<?xml version="1.0" encoding="utf-8"?>
<Project ToolsVersion="16.0" xmlns="http://schemas.microsoft.com/developer/msbuild/2003">
  <ItemGroup>
    <CustomBuild Include="D:\piccolo\Pilot\buld\CMakeFiles\cc0884ce4f14eadcb4017c34d2061faa\axis.frag.spv.rule">
      <Filter>CMake Rules</Filter>
    </CustomBuild>
    <CustomBuild Include="D:\piccolo\Pilot\buld\CMakeFiles\f2a15746751aede10be8aed8abf0b5ad\axis_frag.h.rule">
      <Filter>CMake Rules</Filter>
    </CustomBuild>
    <CustomBuild Include="D:\piccolo\Pilot\buld\CMakeFiles\cc0884ce4f14eadcb4017c34d2061faa\axis.vert.spv.rule">
      <Filter>CMake Rules</Filter>
    </CustomBuild>
    <CustomBuild Include="D:\piccolo\Pilot\buld\CMakeFiles\f2a15746751aede10be8aed8abf0b5ad\axis_vert.h.rule">
      <Filter>CMake Rules</Filter>
    </CustomBuild>
    <CustomBuild Include="D:\piccolo\Pilot\buld\CMakeFiles\cc0884ce4f14eadcb4017c34d2061faa\color_grading.frag.spv.rule">
      <Filter>CMake Rules</Filter>
    </CustomBuild>
    <CustomBuild Include="D:\piccolo\Pilot\buld\CMakeFiles\f2a15746751aede10be8aed8abf0b5ad\color_grading_frag.h.rule">
      <Filter>CMake Rules</Filter>
    </CustomBuild>
    <CustomBuild Include="D:\piccolo\Pilot\buld\CMakeFiles\cc0884ce4f14eadcb4017c34d2061faa\combine_ui.frag.spv.rule">
      <Filter>CMake Rules</Filter>
    </CustomBuild>
    <CustomBuild Include="D:\piccolo\Pilot\buld\CMakeFiles\f2a15746751aede10be8aed8abf0b5ad\combine_ui_frag.h.rule">
      <Filter>CMake Rules</Filter>
    </CustomBuild>
    <CustomBuild Include="D:\piccolo\Pilot\buld\CMakeFiles\cc0884ce4f14eadcb4017c34d2061faa\deferred_lighting.frag.spv.rule">
      <Filter>CMake Rules</Filter>
    </CustomBuild>
    <CustomBuild Include="D:\piccolo\Pilot\buld\CMakeFiles\f2a15746751aede10be8aed8abf0b5ad\deferred_lighting_frag.h.rule">
      <Filter>CMake Rules</Filter>
    </CustomBuild>
    <CustomBuild Include="D:\piccolo\Pilot\buld\CMakeFiles\cc0884ce4f14eadcb4017c34d2061faa\deferred_lighting.vert.spv.rule">
      <Filter>CMake Rules</Filter>
    </CustomBuild>
    <CustomBuild Include="D:\piccolo\Pilot\buld\CMakeFiles\f2a15746751aede10be8aed8abf0b5ad\deferred_lighting_vert.h.rule">
      <Filter>CMake Rules</Filter>
    </CustomBuild>
    <CustomBuild Include="D:\piccolo\Pilot\buld\CMakeFiles\cc0884ce4f14eadcb4017c34d2061faa\fxaa.frag.spv.rule">
      <Filter>CMake Rules</Filter>
    </CustomBuild>
    <CustomBuild Include="D:\piccolo\Pilot\buld\CMakeFiles\f2a15746751aede10be8aed8abf0b5ad\fxaa_frag.h.rule">
      <Filter>CMake Rules</Filter>
    </CustomBuild>
    <CustomBuild Include="D:\piccolo\Pilot\buld\CMakeFiles\cc0884ce4f14eadcb4017c34d2061faa\fxaa.vert.spv.rule">
      <Filter>CMake Rules</Filter>
    </CustomBuild>
    <CustomBuild Include="D:\piccolo\Pilot\buld\CMakeFiles\f2a15746751aede10be8aed8abf0b5ad\fxaa_vert.h.rule">
      <Filter>CMake Rules</Filter>
    </CustomBuild>
    <CustomBuild Include="D:\piccolo\Pilot\buld\CMakeFiles\cc0884ce4f14eadcb4017c34d2061faa\mesh_directional_light_shadow.frag.spv.rule">
      <Filter>CMake Rules</Filter>
    </CustomBuild>
    <CustomBuild Include="D:\piccolo\Pilot\buld\CMakeFiles\f2a15746751aede10be8aed8abf0b5ad\mesh_directional_light_shadow_frag.h.rule">
      <Filter>CMake Rules</Filter>
    </CustomBuild>
    <CustomBuild Include="D:\piccolo\Pilot\buld\CMakeFiles\cc0884ce4f14eadcb4017c34d2061faa\mesh_directional_light_shadow.vert.spv.rule">
      <Filter>CMake Rules</Filter>
    </CustomBuild>
    <CustomBuild Include="D:\piccolo\Pilot\buld\CMakeFiles\f2a15746751aede10be8aed8abf0b5ad\mesh_directional_light_shadow_vert.h.rule">
      <Filter>CMake Rules</Filter>
    </CustomBuild>
    <CustomBuild Include="D:\piccolo\Pilot\buld\CMakeFiles\cc0884ce4f14eadcb4017c34d2061faa\mesh.frag.spv.rule">
      <Filter>CMake Rules</Filter>
    </CustomBuild>
    <CustomBuild Include="D:\piccolo\Pilot\buld\CMakeFiles\f2a15746751aede10be8aed8abf0b5ad\mesh_frag.h.rule">
      <Filter>CMake Rules</Filter>
    </CustomBuild>
    <CustomBuild Include="D:\piccolo\Pilot\buld\CMakeFiles\cc0884ce4f14eadcb4017c34d2061faa\mesh_gbuffer.frag.spv.rule">
      <Filter>CMake Rules</Filter>
    </CustomBuild>
    <CustomBuild Include="D:\piccolo\Pilot\buld\CMakeFiles\f2a15746751aede10be8aed8abf0b5ad\mesh_gbuffer_frag.h.rule">
      <Filter>CMake Rules</Filter>
    </CustomBuild>
    <CustomBuild Include="D:\piccolo\Pilot\buld\CMakeFiles\cc0884ce4f14eadcb4017c34d2061faa\mesh_inefficient_pick.frag.spv.rule">
      <Filter>CMake Rules</Filter>
    </CustomBuild>
    <CustomBuild Include="D:\piccolo\Pilot\buld\CMakeFiles\f2a15746751aede10be8aed8abf0b5ad\mesh_inefficient_pick_frag.h.rule">
      <Filter>CMake Rules</Filter>
    </CustomBuild>
    <CustomBuild Include="D:\piccolo\Pilot\buld\CMakeFiles\cc0884ce4f14eadcb4017c34d2061faa\mesh_inefficient_pick.vert.spv.rule">
      <Filter>CMake Rules</Filter>
    </CustomBuild>
    <CustomBuild Include="D:\piccolo\Pilot\buld\CMakeFiles\f2a15746751aede10be8aed8abf0b5ad\mesh_inefficient_pick_vert.h.rule">
      <Filter>CMake Rules</Filter>
    </CustomBuild>
    <CustomBuild Include="D:\piccolo\Pilot\buld\CMakeFiles\cc0884ce4f14eadcb4017c34d2061faa\mesh_point_light_shadow.frag.spv.rule">
      <Filter>CMake Rules</Filter>
    </CustomBuild>
    <CustomBuild Include="D:\piccolo\Pilot\buld\CMakeFiles\f2a15746751aede10be8aed8abf0b5ad\mesh_point_light_shadow_frag.h.rule">
      <Filter>CMake Rules</Filter>
    </CustomBuild>
    <CustomBuild Include="D:\piccolo\Pilot\buld\CMakeFiles\cc0884ce4f14eadcb4017c34d2061faa\mesh_point_light_shadow.geom.spv.rule">
      <Filter>CMake Rules</Filter>
    </CustomBuild>
    <CustomBuild Include="D:\piccolo\Pilot\buld\CMakeFiles\f2a15746751aede10be8aed8abf0b5ad\mesh_point_light_shadow_geom.h.rule">
      <Filter>CMake Rules</Filter>
    </CustomBuild>
    <CustomBuild Include="D:\piccolo\Pilot\buld\CMakeFiles\cc0884ce4f14eadcb4017c34d2061faa\mesh_point_light_shadow.vert.spv.rule">
      <Filter>CMake Rules</Filter>
    </CustomBuild>
    <CustomBuild Include="D:\piccolo\Pilot\buld\CMakeFiles\f2a15746751aede10be8aed8abf0b5ad\mesh_point_light_shadow_vert.h.rule">
      <Filter>CMake Rules</Filter>
    </CustomBuild>
    <CustomBuild Include="D:\piccolo\Pilot\buld\CMakeFiles\cc0884ce4f14eadcb4017c34d2061faa\mesh.vert.spv.rule">
      <Filter>CMake Rules</Filter>
    </CustomBuild>
    <CustomBuild Include="D:\piccolo\Pilot\buld\CMakeFiles\f2a15746751aede10be8aed8abf0b5ad\mesh_vert.h.rule">
      <Filter>CMake Rules</Filter>
    </CustomBuild>
    <CustomBuild Include="D:\piccolo\Pilot\buld\CMakeFiles\cc0884ce4f14eadcb4017c34d2061faa\particlebillboard.frag.spv.rule">
      <Filter>CMake Rules</Filter>
    </CustomBuild>
    <CustomBuild Include="D:\piccolo\Pilot\buld\CMakeFiles\f2a15746751aede10be8aed8abf0b5ad\particlebillboard_frag.h.rule">
      <Filter>CMake Rules</Filter>
    </CustomBuild>
    <CustomBuild Include="D:\piccolo\Pilot\buld\CMakeFiles\cc0884ce4f14eadcb4017c34d2061faa\particlebillboard.vert.spv.rule">
      <Filter>CMake Rules</Filter>
    </CustomBuild>
    <CustomBuild Include="D:\piccolo\Pilot\buld\CMakeFiles\f2a15746751aede10be8aed8abf0b5ad\particlebillboard_vert.h.rule">
      <Filter>CMake Rules</Filter>
    </CustomBuild>
    <CustomBuild Include="D:\piccolo\Pilot\buld\CMakeFiles\cc0884ce4f14eadcb4017c34d2061faa\post_process.vert.spv.rule">
      <Filter>CMake Rules</Filter>
    </CustomBuild>
    <CustomBuild Include="D:\piccolo\Pilot\buld\CMakeFiles\f2a15746751aede10be8aed8abf0b5ad\post_process_vert.h.rule">
      <Filter>CMake Rules</Filter>
    </CustomBuild>
    <CustomBuild Include="D:\piccolo\Pilot\buld\CMakeFiles\cc0884ce4f14eadcb4017c34d2061faa\skybox.frag.spv.rule">
      <Filter>CMake Rules</Filter>
    </CustomBuild>
    <CustomBuild Include="D:\piccolo\Pilot\buld\CMakeFiles\f2a15746751aede10be8aed8abf0b5ad\skybox_frag.h.rule">
      <Filter>CMake Rules</Filter>
    </CustomBuild>
    <CustomBuild Include="D:\piccolo\Pilot\buld\CMakeFiles\cc0884ce4f14eadcb4017c34d2061faa\skybox.vert.spv.rule">
      <Filter>CMake Rules</Filter>
    </CustomBuild>
    <CustomBuild Include="D:\piccolo\Pilot\buld\CMakeFiles\f2a15746751aede10be8aed8abf0b5ad\skybox_vert.h.rule">
      <Filter>CMake Rules</Filter>
    </CustomBuild>
    <CustomBuild Include="D:\piccolo\Pilot\buld\CMakeFiles\cc0884ce4f14eadcb4017c34d2061faa\tone_mapping.frag.spv.rule">
      <Filter>CMake Rules</Filter>
    </CustomBuild>
    <CustomBuild Include="D:\piccolo\Pilot\buld\CMakeFiles\f2a15746751aede10be8aed8abf0b5ad\tone_mapping_frag.h.rule">
      <Filter>CMake Rules</Filter>
    </CustomBuild>
    <CustomBuild Include="D:\piccolo\Pilot\buld\CMakeFiles\6258a6287981899d612ebcc8a0d57462\PilotShaderCompile.rule">
      <Filter>CMake Rules</Filter>
    </CustomBuild>
    <CustomBuild Include="D:\piccolo\Pilot\engine\shader\CMakeLists.txt" />
  </ItemGroup>
  <ItemGroup>
    <None Include="D:\piccolo\Pilot\engine\shader\glsl\axis.frag">
      <Filter>shaders</Filter>
    </None>
    <None Include="D:\piccolo\Pilot\engine\shader\glsl\axis.vert">
      <Filter>shaders</Filter>
    </None>
    <None Include="D:\piccolo\Pilot\engine\shader\glsl\color_grading.frag">
      <Filter>shaders</Filter>
    </None>
    <None Include="D:\piccolo\Pilot\engine\shader\glsl\combine_ui.frag">
      <Filter>shaders</Filter>
    </None>
    <None Include="D:\piccolo\Pilot\engine\shader\glsl\deferred_lighting.frag">
      <Filter>shaders</Filter>
    </None>
    <None Include="D:\piccolo\Pilot\engine\shader\glsl\deferred_lighting.vert">
      <Filter>shaders</Filter>
    </None>
    <None Include="D:\piccolo\Pilot\engine\shader\glsl\fxaa.frag">
      <Filter>shaders</Filter>
    </None>
    <None Include="D:\piccolo\Pilot\engine\shader\glsl\fxaa.vert">
      <Filter>shaders</Filter>
    </None>
    <None Include="D:\piccolo\Pilot\engine\shader\glsl\mesh.frag">
      <Filter>shaders</Filter>
    </None>
    <None Include="D:\piccolo\Pilot\engine\shader\glsl\mesh.vert">
      <Filter>shaders</Filter>
    </None>
    <None Include="D:\piccolo\Pilot\engine\shader\glsl\mesh_directional_light_shadow.frag">
      <Filter>shaders</Filter>
    </None>
    <None Include="D:\piccolo\Pilot\engine\shader\glsl\mesh_directional_light_shadow.vert">
      <Filter>shaders</Filter>
    </None>
    <None Include="D:\piccolo\Pilot\engine\shader\glsl\mesh_gbuffer.frag">
      <Filter>shaders</Filter>
    </None>
    <None Include="D:\piccolo\Pilot\engine\shader\glsl\mesh_inefficient_pick.frag">
      <Filter>shaders</Filter>
    </None>
    <None Include="D:\piccolo\Pilot\engine\shader\glsl\mesh_inefficient_pick.vert">
      <Filter>shaders</Filter>
    </None>
    <None Include="D:\piccolo\Pilot\engine\shader\glsl\mesh_point_light_shadow.frag">
      <Filter>shaders</Filter>
    </None>
    <None Include="D:\piccolo\Pilot\engine\shader\glsl\mesh_point_light_shadow.geom">
      <Filter>shaders</Filter>
    </None>
    <None Include="D:\piccolo\Pilot\engine\shader\glsl\mesh_point_light_shadow.vert">
      <Filter>shaders</Filter>
    </None>
    <None Include="D:\piccolo\Pilot\engine\shader\glsl\particlebillboard.frag">
      <Filter>shaders</Filter>
    </None>
    <None Include="D:\piccolo\Pilot\engine\shader\glsl\particlebillboard.vert">
      <Filter>shaders</Filter>
    </None>
    <None Include="D:\piccolo\Pilot\engine\shader\glsl\post_process.vert">
      <Filter>shaders</Filter>
    </None>
    <None Include="D:\piccolo\Pilot\engine\shader\glsl\skybox.frag">
      <Filter>shaders</Filter>
    </None>
    <None Include="D:\piccolo\Pilot\engine\shader\glsl\skybox.vert">
      <Filter>shaders</Filter>
    </None>
    <None Include="D:\piccolo\Pilot\engine\shader\glsl\tone_mapping.frag">
      <Filter>shaders</Filter>
    </None>
    <None Include="D:\piccolo\Pilot\buld\engine\shader\CMakeFiles\PilotShaderCompile" />
  </ItemGroup>
  <ItemGroup>
    <Filter Include="CMake Rules">
      <UniqueIdentifier>{7AC096CB-50F3-3C30-BECA-A20B67E86167}</UniqueIdentifier>
    </Filter>
    <Filter Include="shaders">
      <UniqueIdentifier>{B557F32B-9E7F-31D6-8542-BC8DDB22D6BD}</UniqueIdentifier>
    </Filter>
  </ItemGroup>
</Project>
